
Microsoft Visual Studio Solution File, Format Version 12.00
# Visual Studio Version 16
VisualStudioVersion = 16.0.29905.134
MinimumVisualStudioVersion = 10.0.40219.1
Project("{9A19103F-16F7-4668-BE54-9A1E7A4F7556}") = "Viewpoint", "Viewpoint\Viewpoint.csproj", "{6CA616AA-5730-483E-9741-EA35FB7A4304}"
EndProject
Global
	GlobalSection(SolutionConfigurationPlatforms) = preSolution
		Debug|Any CPU = Debug|Any CPU
		Release|Any CPU = Release|Any CPU
	EndGlobalSection
	GlobalSection(ProjectConfigurationPlatforms) = postSolution
		{6CA616AA-5730-483E-9741-EA35FB7A4304}.Debug|Any CPU.ActiveCfg = Debug|Any CPU
		{6CA616AA-5730-483E-9741-EA35FB7A4304}.Debug|Any CPU.Build.0 = Debug|Any CPU
		{6CA616AA-5730-483E-9741-EA35FB7A4304}.Release|Any CPU.ActiveCfg = Release|Any CPU
		{6CA616AA-5730-483E-9741-EA35FB7A4304}.Release|Any CPU.Build.0 = Release|Any CPU
	EndGlobalSection
	GlobalSection(SolutionProperties) = preSolution
		HideSolutionNode = FALSE
	EndGlobalSection
	GlobalSection(ExtensibilityGlobals) = postSolution
		SolutionGuid = {EC1507AD-C9C4-4C73-BC23-822F0AC7A25C}
	EndGlobalSection
EndGlobal
